
Microsoft Visual Studio Solution File, Format Version 12.00
# Visual Studio 14
VisualStudioVersion = 14.0.23107.0
MinimumVisualStudioVersion = 10.0.40219.1
Project("{FAE04EC0-301F-11D3-BF4B-00C04F79EFBC}") = "MyProject", "MyProject\MyProject.csproj", "{E189226C-52B3-4734-B2CC-E6172BA1B27E}"
EndProject
Project("{FAE04EC0-301F-11D3-BF4B-00C04F79EFBC}") = "MyProjectTests", "MyProjectTests\MyProjectTests.csproj", "{09056445-90B6-433A-AA5E-ED6E8E45AD56}"
EndProject
Global
	GlobalSection(SolutionConfigurationPlatforms) = preSolution
		Debug|Any CPU = Debug|Any CPU
		Release|Any CPU = Release|Any CPU
	EndGlobalSection
	GlobalSection(ProjectConfigurationPlatforms) = postSolution
		{E189226C-52B3-4734-B2CC-E6172BA1B27E}.Debug|Any CPU.ActiveCfg = Debug|Any CPU
		{E189226C-52B3-4734-B2CC-E6172BA1B27E}.Debug|Any CPU.Build.0 = Debug|Any CPU
		{E189226C-52B3-4734-B2CC-E6172BA1B27E}.Release|Any CPU.ActiveCfg = Release|Any CPU
		{E189226C-52B3-4734-B2CC-E6172BA1B27E}.Release|Any CPU.Build.0 = Release|Any CPU
		{09056445-90B6-433A-AA5E-ED6E8E45AD56}.Debug|Any CPU.ActiveCfg = Debug|Any CPU
		{09056445-90B6-433A-AA5E-ED6E8E45AD56}.Debug|Any CPU.Build.0 = Debug|Any CPU
		{09056445-90B6-433A-AA5E-ED6E8E45AD56}.Release|Any CPU.ActiveCfg = Release|Any CPU
		{09056445-90B6-433A-AA5E-ED6E8E45AD56}.Release|Any CPU.Build.0 = Release|Any CPU
	EndGlobalSection
	GlobalSection(SolutionProperties) = preSolution
		HideSolutionNode = FALSE
	EndGlobalSection
EndGlobal
